[root]
name = "pleb_ui"
version = "0.1.0"
dependencies = [
 "alsa-sys 0.0.8 (registry+https://github.com/rust-lang/crates.io-index)",
 "dbus 0.3.2 (registry+https://github.com/rust-lang/crates.io-index)",
 "ears 0.3.4 (registry+https://github.com/rust-lang/crates.io-index)",
 "notify-rust 3.1.0 (git+https://github.com/illegalprime/notify-rust.git)",
]

[[package]]
name = "alsa-sys"
version = "0.0.8"
source = "registry+https://github.com/rust-lang/crates.io-index"
dependencies = [
 "libc 0.2.7 (registry+https://github.com/rust-lang/crates.io-index)",
 "pkg-config 0.3.7 (registry+https://github.com/rust-lang/crates.io-index)",
]

[[package]]
name = "dbus"
version = "0.3.2"
source = "registry+https://github.com/rust-lang/crates.io-index"
dependencies = [
 "libc 0.2.7 (registry+https://github.com/rust-lang/crates.io-index)",
 "pkg-config 0.3.7 (registry+https://github.com/rust-lang/crates.io-index)",
]

[[package]]
name = "ears"
version = "0.3.4"
source = "registry+https://github.com/rust-lang/crates.io-index"
dependencies = [
 "libc 0.2.7 (registry+https://github.com/rust-lang/crates.io-index)",
]

[[package]]
name = "libc"
version = "0.2.7"
source = "registry+https://github.com/rust-lang/crates.io-index"

[[package]]
name = "notify-rust"
version = "3.1.0"
source = "git+https://github.com/illegalprime/notify-rust.git#841888cc58bbd44f2678e7c04fadf650d0d26ff1"
dependencies = [
 "dbus 0.3.2 (registry+https://github.com/rust-lang/crates.io-index)",
]

[[package]]
name = "pkg-config"
version = "0.3.7"
source = "registry+https://github.com/rust-lang/crates.io-index"

